
Microsoft Visual Studio Solution File, Format Version 12.00
# Visual Studio Version 17
VisualStudioVersion = 17.6.33723.286
MinimumVisualStudioVersion = 10.0.40219.1
Project("{FAE04EC0-301F-11D3-BF4B-00C04F79EFBC}") = "GoF_Bridge_Pattern", "GoF_Bridge_Pattern.csproj", "{61C5EF3A-7343-4F78-9FCD-1F400BE7044A}"
EndProject
Global
	GlobalSection(SolutionConfigurationPlatforms) = preSolution
		Debug|Any CPU = Debug|Any CPU
		Release|Any CPU = Release|Any CPU
	EndGlobalSection
	GlobalSection(ProjectConfigurationPlatforms) = postSolution
		{61C5EF3A-7343-4F78-9FCD-1F400BE7044A}.Debug|Any CPU.ActiveCfg = Debug|Any CPU
		{61C5EF3A-7343-4F78-9FCD-1F400BE7044A}.Debug|Any CPU.Build.0 = Debug|Any CPU
		{61C5EF3A-7343-4F78-9FCD-1F400BE7044A}.Release|Any CPU.ActiveCfg = Release|Any CPU
		{61C5EF3A-7343-4F78-9FCD-1F400BE7044A}.Release|Any CPU.Build.0 = Release|Any CPU
	EndGlobalSection
	GlobalSection(SolutionProperties) = preSolution
		HideSolutionNode = FALSE
	EndGlobalSection
	GlobalSection(ExtensibilityGlobals) = postSolution
		SolutionGuid = {6C5ED016-BDAE-41FB-8FB0-7D2C5F3637A9}
	EndGlobalSection
EndGlobal
